
Microsoft Visual Studio Solution File, Format Version 12.00
# Visual Studio Version 16
VisualStudioVersion = 16.0.31424.327
MinimumVisualStudioVersion = 10.0.40219.1
Project("{2150E333-8FDC-42A3-9474-1A3956D46DE8}") = "Services", "Services", "{50033171-A53F-49D7-924E-BF49E9E0D70C}"
EndProject
Project("{2150E333-8FDC-42A3-9474-1A3956D46DE8}") = "Catalog", "Catalog", "{7F871DEA-F24F-42EE-BBA4-98DD6EC2227C}"
EndProject
Project("{9A19103F-16F7-4668-BE54-9A1E7A4F7556}") = "Catalog.API", "services\catalog\Catalog.API\Catalog.API.csproj", "{6CEBFA13-2D58-4C58-ACF8-EE8F5BC0DFDC}"
EndProject
Project("{E53339B2-1760-4266-BCC7-CA923CBCF16C}") = "docker-compose", "docker-compose.dcproj", "{3E2B881A-3233-4FFC-BC31-E2913672B53F}"
EndProject
Project("{2150E333-8FDC-42A3-9474-1A3956D46DE8}") = "Basket", "Basket", "{94BC4A0C-A8C9-47CD-B378-95ABB4200C4A}"
EndProject
Project("{9A19103F-16F7-4668-BE54-9A1E7A4F7556}") = "Baket.API", "Services\Basket\Baket.API\Baket.API.csproj", "{36F2288C-9B2B-44E0-BA57-2F3C359003F1}"
EndProject
Project("{2150E333-8FDC-42A3-9474-1A3956D46DE8}") = "Discount", "Discount", "{6FFF6A23-0E2F-49E8-89D4-AB7A6818A2FF}"
EndProject
Project("{9A19103F-16F7-4668-BE54-9A1E7A4F7556}") = "Discount.API", "Services\Discount\Discount.API\Discount.API.csproj", "{D7D3F1BB-7883-4E56-81FF-DA1EA1B36154}"
EndProject
Project("{FAE04EC0-301F-11D3-BF4B-00C04F79EFBC}") = "Discount.GRPC", "services\Discount\Discount.GRPC\Discount.GRPC.csproj", "{65E45486-B198-4F4E-881B-64E089036455}"
EndProject
Global
	GlobalSection(SolutionConfigurationPlatforms) = preSolution
		Debug|Any CPU = Debug|Any CPU
		Release|Any CPU = Release|Any CPU
	EndGlobalSection
	GlobalSection(ProjectConfigurationPlatforms) = postSolution
		{6CEBFA13-2D58-4C58-ACF8-EE8F5BC0DFDC}.Debug|Any CPU.ActiveCfg = Debug|Any CPU
		{6CEBFA13-2D58-4C58-ACF8-EE8F5BC0DFDC}.Debug|Any CPU.Build.0 = Debug|Any CPU
		{6CEBFA13-2D58-4C58-ACF8-EE8F5BC0DFDC}.Release|Any CPU.ActiveCfg = Release|Any CPU
		{6CEBFA13-2D58-4C58-ACF8-EE8F5BC0DFDC}.Release|Any CPU.Build.0 = Release|Any CPU
		{3E2B881A-3233-4FFC-BC31-E2913672B53F}.Debug|Any CPU.ActiveCfg = Debug|Any CPU
		{3E2B881A-3233-4FFC-BC31-E2913672B53F}.Debug|Any CPU.Build.0 = Debug|Any CPU
		{3E2B881A-3233-4FFC-BC31-E2913672B53F}.Release|Any CPU.ActiveCfg = Release|Any CPU
		{3E2B881A-3233-4FFC-BC31-E2913672B53F}.Release|Any CPU.Build.0 = Release|Any CPU
		{36F2288C-9B2B-44E0-BA57-2F3C359003F1}.Debug|Any CPU.ActiveCfg = Debug|Any CPU
		{36F2288C-9B2B-44E0-BA57-2F3C359003F1}.Debug|Any CPU.Build.0 = Debug|Any CPU
		{36F2288C-9B2B-44E0-BA57-2F3C359003F1}.Release|Any CPU.ActiveCfg = Release|Any CPU
		{36F2288C-9B2B-44E0-BA57-2F3C359003F1}.Release|Any CPU.Build.0 = Release|Any CPU
		{D7D3F1BB-7883-4E56-81FF-DA1EA1B36154}.Debug|Any CPU.ActiveCfg = Debug|Any CPU
		{D7D3F1BB-7883-4E56-81FF-DA1EA1B36154}.Debug|Any CPU.Build.0 = Debug|Any CPU
		{D7D3F1BB-7883-4E56-81FF-DA1EA1B36154}.Release|Any CPU.ActiveCfg = Release|Any CPU
		{D7D3F1BB-7883-4E56-81FF-DA1EA1B36154}.Release|Any CPU.Build.0 = Release|Any CPU
		{65E45486-B198-4F4E-881B-64E089036455}.Debug|Any CPU.ActiveCfg = Debug|Any CPU
		{65E45486-B198-4F4E-881B-64E089036455}.Debug|Any CPU.Build.0 = Debug|Any CPU
		{65E45486-B198-4F4E-881B-64E089036455}.Release|Any CPU.ActiveCfg = Release|Any CPU
		{65E45486-B198-4F4E-881B-64E089036455}.Release|Any CPU.Build.0 = Release|Any CPU
	EndGlobalSection
	GlobalSection(SolutionProperties) = preSolution
		HideSolutionNode = FALSE
	EndGlobalSection
	GlobalSection(NestedProjects) = preSolution
		{7F871DEA-F24F-42EE-BBA4-98DD6EC2227C} = {50033171-A53F-49D7-924E-BF49E9E0D70C}
		{6CEBFA13-2D58-4C58-ACF8-EE8F5BC0DFDC} = {7F871DEA-F24F-42EE-BBA4-98DD6EC2227C}
		{94BC4A0C-A8C9-47CD-B378-95ABB4200C4A} = {50033171-A53F-49D7-924E-BF49E9E0D70C}
		{36F2288C-9B2B-44E0-BA57-2F3C359003F1} = {94BC4A0C-A8C9-47CD-B378-95ABB4200C4A}
		{6FFF6A23-0E2F-49E8-89D4-AB7A6818A2FF} = {50033171-A53F-49D7-924E-BF49E9E0D70C}
		{D7D3F1BB-7883-4E56-81FF-DA1EA1B36154} = {6FFF6A23-0E2F-49E8-89D4-AB7A6818A2FF}
		{65E45486-B198-4F4E-881B-64E089036455} = {6FFF6A23-0E2F-49E8-89D4-AB7A6818A2FF}
	EndGlobalSection
	GlobalSection(ExtensibilityGlobals) = postSolution
		SolutionGuid = {AEDAD3AA-8381-4F01-AD34-71412B03ABF1}
	EndGlobalSection
EndGlobal
